
Microsoft Visual Studio Solution File, Format Version 12.00
# Visual Studio 15
VisualStudioVersion = 15.0.28010.2026
MinimumVisualStudioVersion = 10.0.40219.1
Project("{FAE04EC0-301F-11D3-BF4B-00C04F79EFBC}") = "NoteClassLibrary", "NoteClassLibrary\NoteClassLibrary.csproj", "{4D6A61F7-A41B-443E-A65D-A3F9247465B5}"
EndProject
Project("{FAE04EC0-301F-11D3-BF4B-00C04F79EFBC}") = "NoteProject", "NoteProject\NoteProject.csproj", "{2448F0B6-DC98-4317-9B1C-F6CD370B0EDF}"
EndProject
Global
	GlobalSection(SolutionConfigurationPlatforms) = preSolution
		Debug|Any CPU = Debug|Any CPU
		Debug|x86 = Debug|x86
		Release|Any CPU = Release|Any CPU
		Release|x86 = Release|x86
	EndGlobalSection
	GlobalSection(ProjectConfigurationPlatforms) = postSolution
		{4D6A61F7-A41B-443E-A65D-A3F9247465B5}.Debug|Any CPU.ActiveCfg = Debug|Any CPU
		{4D6A61F7-A41B-443E-A65D-A3F9247465B5}.Debug|Any CPU.Build.0 = Debug|Any CPU
		{4D6A61F7-A41B-443E-A65D-A3F9247465B5}.Debug|x86.ActiveCfg = Debug|Any CPU
		{4D6A61F7-A41B-443E-A65D-A3F9247465B5}.Debug|x86.Build.0 = Debug|Any CPU
		{4D6A61F7-A41B-443E-A65D-A3F9247465B5}.Release|Any CPU.ActiveCfg = Release|Any CPU
		{4D6A61F7-A41B-443E-A65D-A3F9247465B5}.Release|Any CPU.Build.0 = Release|Any CPU
		{4D6A61F7-A41B-443E-A65D-A3F9247465B5}.Release|x86.ActiveCfg = Release|Any CPU
		{4D6A61F7-A41B-443E-A65D-A3F9247465B5}.Release|x86.Build.0 = Release|Any CPU
		{2448F0B6-DC98-4317-9B1C-F6CD370B0EDF}.Debug|Any CPU.ActiveCfg = Debug|Any CPU
		{2448F0B6-DC98-4317-9B1C-F6CD370B0EDF}.Debug|Any CPU.Build.0 = Debug|Any CPU
		{2448F0B6-DC98-4317-9B1C-F6CD370B0EDF}.Debug|x86.ActiveCfg = Debug|Any CPU
		{2448F0B6-DC98-4317-9B1C-F6CD370B0EDF}.Debug|x86.Build.0 = Debug|Any CPU
		{2448F0B6-DC98-4317-9B1C-F6CD370B0EDF}.Release|Any CPU.ActiveCfg = Release|Any CPU
		{2448F0B6-DC98-4317-9B1C-F6CD370B0EDF}.Release|Any CPU.Build.0 = Release|Any CPU
		{2448F0B6-DC98-4317-9B1C-F6CD370B0EDF}.Release|x86.ActiveCfg = Release|Any CPU
		{2448F0B6-DC98-4317-9B1C-F6CD370B0EDF}.Release|x86.Build.0 = Release|Any CPU
	EndGlobalSection
	GlobalSection(SolutionProperties) = preSolution
		HideSolutionNode = FALSE
	EndGlobalSection
	GlobalSection(ExtensibilityGlobals) = postSolution
		SolutionGuid = {AC9CF844-B587-4986-9F7E-DE979A2C684D}
	EndGlobalSection
EndGlobal
